
Microsoft Visual Studio Solution File, Format Version 12.00
# Visual Studio Version 16
VisualStudioVersion = 16.0.30517.126
MinimumVisualStudioVersion = 10.0.40219.1
Project("{FAE04EC0-301F-11D3-BF4B-00C04F79EFBC}") = "ResortReview", "ResortReview\ResortReview.csproj", "{0D07EA8C-DC82-49C6-A037-6A65DEB20814}"
EndProject
Global
	GlobalSection(SolutionConfigurationPlatforms) = preSolution
		Debug|Any CPU = Debug|Any CPU
		Release|Any CPU = Release|Any CPU
	EndGlobalSection
	GlobalSection(ProjectConfigurationPlatforms) = postSolution
		{0D07EA8C-DC82-49C6-A037-6A65DEB20814}.Debug|Any CPU.ActiveCfg = Debug|Any CPU
		{0D07EA8C-DC82-49C6-A037-6A65DEB20814}.Debug|Any CPU.Build.0 = Debug|Any CPU
		{0D07EA8C-DC82-49C6-A037-6A65DEB20814}.Release|Any CPU.ActiveCfg = Release|Any CPU
		{0D07EA8C-DC82-49C6-A037-6A65DEB20814}.Release|Any CPU.Build.0 = Release|Any CPU
	EndGlobalSection
	GlobalSection(SolutionProperties) = preSolution
		HideSolutionNode = FALSE
	EndGlobalSection
	GlobalSection(ExtensibilityGlobals) = postSolution
		SolutionGuid = {547F15DB-F1F7-4CF0-B96F-3AF091622DB7}
	EndGlobalSection
EndGlobal
